// !$*UTF8*$!
{
	archiveVersion = 1;
	classes = {
	};
	objectVersion = 46;
	objects = {

/* Begin PBXBuildFile section */
		BE1D55A015CA34E5009224A6 /* Foundation.framework in Frameworks */ = {isa = PBXBuildFile; fileRef = BE1D559F15CA34E5009224A6 /* Foundation.framework */; };
		BE1D55B415CA3647009224A6 /* UIKit.framework in Frameworks */ = {isa = PBXBuildFile; fileRef = BE1D55B315CA3647009224A6 /* UIKit.framework */; };
		BE24631315ECAB8E004E6C16 /* NSDictionary+SortedKeyEnumerator.m in Sources */ = {isa = PBXBuildFile; fileRef = BE24631215ECAB8E004E6C16 /* NSDictionary+SortedKeyEnumerator.m */; };
		BE6301A715E22910008ECBD8 /* NSArray+RandomizedArray.m in Sources */ = {isa = PBXBuildFile; fileRef = BE6301A115E22910008ECBD8 /* NSArray+RandomizedArray.m */; };
		BE6301A815E22910008ECBD8 /* NSDate+UTC_ISO8601.m in Sources */ = {isa = PBXBuildFile; fileRef = BE6301A215E22910008ECBD8 /* NSDate+UTC_ISO8601.m */; };
		BE6301A915E22910008ECBD8 /* NSMutableArray+Randomize.m in Sources */ = {isa = PBXBuildFile; fileRef = BE6301A315E22910008ECBD8 /* NSMutableArray+Randomize.m */; };
		BE6301AA15E22910008ECBD8 /* NSObject+ReferenceCount.m in Sources */ = {isa = PBXBuildFile; fileRef = BE6301A415E22910008ECBD8 /* NSObject+ReferenceCount.m */; };
		BE6301AB15E22910008ECBD8 /* NSURL+LibraryHandling.m in Sources */ = {isa = PBXBuildFile; fileRef = BE6301A515E22910008ECBD8 /* NSURL+LibraryHandling.m */; };
		BE6301AC15E22910008ECBD8 /* UIColor+HexColoring.m in Sources */ = {isa = PBXBuildFile; fileRef = BE6301A615E22910008ECBD8 /* UIColor+HexColoring.m */; };
/* End PBXBuildFile section */

/* Begin PBXCopyFilesBuildPhase section */
		BE1D559A15CA34E5009224A6 /* CopyFiles */ = {
			isa = PBXCopyFilesBuildPhase;
			buildActionMask = 2147483647;
			dstPath = "${PRODUCT_NAME}";
			dstSubfolderSpec = 16;
			files = (
			);
			runOnlyForDeploymentPostprocessing = 0;
		};
/* End PBXCopyFilesBuildPhase section */

/* Begin PBXFileReference section */
		BE1D559C15CA34E5009224A6 /* libPopperTools.a */ = {isa = PBXFileReference; explicitFileType = archive.ar; includeInIndex = 0; path = libPopperTools.a; sourceTree = BUILT_PRODUCTS_DIR; };
		BE1D559F15CA34E5009224A6 /* Foundation.framework */ = {isa = PBXFileReference; lastKnownFileType = wrapper.framework; name = Foundation.framework; path = System/Library/Frameworks/Foundation.framework; sourceTree = SDKROOT; };
		BE1D55B315CA3647009224A6 /* UIKit.framework */ = {isa = PBXFileReference; lastKnownFileType = wrapper.framework; name = UIKit.framework; path = System/Library/Frameworks/UIKit.framework; sourceTree = SDKROOT; };
		BE24631115ECAB8E004E6C16 /* NSDictionary+SortedKeyEnumerator.h */ = {isa = PBXFileReference; fileEncoding = 4; lastKnownFileType = sourcecode.c.h; path = "NSDictionary+SortedKeyEnumerator.h"; sourceTree = "<group>"; };
		BE24631215ECAB8E004E6C16 /* NSDictionary+SortedKeyEnumerator.m */ = {isa = PBXFileReference; fileEncoding = 4; lastKnownFileType = sourcecode.c.objc; path = "NSDictionary+SortedKeyEnumerator.m"; sourceTree = "<group>"; };
		BE63019815E22910008ECBD8 /* NSArray+RandomizedArray.h */ = {isa = PBXFileReference; fileEncoding = 4; lastKnownFileType = sourcecode.c.h; path = "NSArray+RandomizedArray.h"; sourceTree = "<group>"; };
		BE63019915E22910008ECBD8 /* NSDate+UTC_ISO8601.h */ = {isa = PBXFileReference; fileEncoding = 4; lastKnownFileType = sourcecode.c.h; path = "NSDate+UTC_ISO8601.h"; sourceTree = "<group>"; };
		BE63019A15E22910008ECBD8 /* NSMutableArray+Randomize.h */ = {isa = PBXFileReference; fileEncoding = 4; lastKnownFileType = sourcecode.c.h; path = "NSMutableArray+Randomize.h"; sourceTree = "<group>"; };
		BE63019B15E22910008ECBD8 /* NSObject+ReferenceCount.h */ = {isa = PBXFileReference; fileEncoding = 4; lastKnownFileType = sourcecode.c.h; path = "NSObject+ReferenceCount.h"; sourceTree = "<group>"; };
		BE63019C15E22910008ECBD8 /* NSURL+LibraryHandling.h */ = {isa = PBXFileReference; fileEncoding = 4; lastKnownFileType = sourcecode.c.h; path = "NSURL+LibraryHandling.h"; sourceTree = "<group>"; };
		BE63019D15E22910008ECBD8 /* PopperTools.h */ = {isa = PBXFileReference; fileEncoding = 4; lastKnownFileType = sourcecode.c.h; path = PopperTools.h; sourceTree = "<group>"; };
		BE63019E15E22910008ECBD8 /* PTDefines.h */ = {isa = PBXFileReference; fileEncoding = 4; lastKnownFileType = sourcecode.c.h; path = PTDefines.h; sourceTree = "<group>"; };
		BE63019F15E22910008ECBD8 /* UIColor+HexColoring.h */ = {isa = PBXFileReference; fileEncoding = 4; lastKnownFileType = sourcecode.c.h; path = "UIColor+HexColoring.h"; sourceTree = "<group>"; };
		BE6301A015E22910008ECBD8 /* PopperTools-Prefix.pch */ = {isa = PBXFileReference; fileEncoding = 4; lastKnownFileType = sourcecode.c.h; path = "PopperTools-Prefix.pch"; sourceTree = "<group>"; };
		BE6301A115E22910008ECBD8 /* NSArray+RandomizedArray.m */ = {isa = PBXFileReference; fileEncoding = 4; lastKnownFileType = sourcecode.c.objc; path = "NSArray+RandomizedArray.m"; sourceTree = "<group>"; };
		BE6301A215E22910008ECBD8 /* NSDate+UTC_ISO8601.m */ = {isa = PBXFileReference; fileEncoding = 4; lastKnownFileType = sourcecode.c.objc; path = "NSDate+UTC_ISO8601.m"; sourceTree = "<group>"; };
		BE6301A315E22910008ECBD8 /* NSMutableArray+Randomize.m */ = {isa = PBXFileReference; fileEncoding = 4; lastKnownFileType = sourcecode.c.objc; path = "NSMutableArray+Randomize.m"; sourceTree = "<group>"; };
		BE6301A415E22910008ECBD8 /* NSObject+ReferenceCount.m */ = {isa = PBXFileReference; fileEncoding = 4; lastKnownFileType = sourcecode.c.objc; path = "NSObject+ReferenceCount.m"; sourceTree = "<group>"; };
		BE6301A515E22910008ECBD8 /* NSURL+LibraryHandling.m */ = {isa = PBXFileReference; fileEncoding = 4; lastKnownFileType = sourcecode.c.objc; path = "NSURL+LibraryHandling.m"; sourceTree = "<group>"; };
		BE6301A615E22910008ECBD8 /* UIColor+HexColoring.m */ = {isa = PBXFileReference; fileEncoding = 4; lastKnownFileType = sourcecode.c.objc; path = "UIColor+HexColoring.m"; sourceTree = "<group>"; };
		BEBBA30D15D3A3CA00794396 /* CoreGraphics.framework */ = {isa = PBXFileReference; lastKnownFileType = wrapper.framework; name = CoreGraphics.framework; path = System/Library/Frameworks/CoreGraphics.framework; sourceTree = SDKROOT; };
/* End PBXFileReference section */

/* Begin PBXFrameworksBuildPhase section */
		BE1D559915CA34E5009224A6 /* Frameworks */ = {
			isa = PBXFrameworksBuildPhase;
			buildActionMask = 2147483647;
			files = (
				BE1D55B415CA3647009224A6 /* UIKit.framework in Frameworks */,
				BE1D55A015CA34E5009224A6 /* Foundation.framework in Frameworks */,
			);
			runOnlyForDeploymentPostprocessing = 0;
		};
/* End PBXFrameworksBuildPhase section */

/* Begin PBXGroup section */
		BE1D559115CA34E5009224A6 = {
			isa = PBXGroup;
			children = (
				BE1D55A115CA34E5009224A6 /* PopperTools */,
				BE1D559E15CA34E5009224A6 /* Frameworks */,
				BE1D559D15CA34E5009224A6 /* Products */,
			);
			sourceTree = "<group>";
		};
		BE1D559D15CA34E5009224A6 /* Products */ = {
			isa = PBXGroup;
			children = (
				BE1D559C15CA34E5009224A6 /* libPopperTools.a */,
			);
			name = Products;
			sourceTree = "<group>";
		};
		BE1D559E15CA34E5009224A6 /* Frameworks */ = {
			isa = PBXGroup;
			children = (
				BE1D55B315CA3647009224A6 /* UIKit.framework */,
				BE1D559F15CA34E5009224A6 /* Foundation.framework */,
				BEBBA30D15D3A3CA00794396 /* CoreGraphics.framework */,
			);
			name = Frameworks;
			sourceTree = "<group>";
		};
		BE1D55A115CA34E5009224A6 /* PopperTools */ = {
			isa = PBXGroup;
			children = (
				BE1D55A215CA34E5009224A6 /* Supporting Files */,
			);
			path = PopperTools;
			sourceTree = "<group>";
		};
		BE1D55A215CA34E5009224A6 /* Supporting Files */ = {
			isa = PBXGroup;
			children = (
				BE63019815E22910008ECBD8 /* NSArray+RandomizedArray.h */,
				BE63019915E22910008ECBD8 /* NSDate+UTC_ISO8601.h */,
				BE24631115ECAB8E004E6C16 /* NSDictionary+SortedKeyEnumerator.h */,
				BE63019A15E22910008ECBD8 /* NSMutableArray+Randomize.h */,
				BE63019B15E22910008ECBD8 /* NSObject+ReferenceCount.h */,
				BE63019C15E22910008ECBD8 /* NSURL+LibraryHandling.h */,
				BE63019D15E22910008ECBD8 /* PopperTools.h */,
				BE63019E15E22910008ECBD8 /* PTDefines.h */,
				BE63019F15E22910008ECBD8 /* UIColor+HexColoring.h */,
				BE6301A115E22910008ECBD8 /* NSArray+RandomizedArray.m */,
				BE6301A215E22910008ECBD8 /* NSDate+UTC_ISO8601.m */,
				BE24631215ECAB8E004E6C16 /* NSDictionary+SortedKeyEnumerator.m */,
				BE6301A315E22910008ECBD8 /* NSMutableArray+Randomize.m */,
				BE6301A415E22910008ECBD8 /* NSObject+ReferenceCount.m */,
				BE6301A515E22910008ECBD8 /* NSURL+LibraryHandling.m */,
				BE6301A615E22910008ECBD8 /* UIColor+HexColoring.m */,
				BE6301A015E22910008ECBD8 /* PopperTools-Prefix.pch */,
			);
			name = "Supporting Files";
			sourceTree = "<group>";
		};
/* End PBXGroup section */

/* Begin PBXNativeTarget section */
		BE1D559B15CA34E5009224A6 /* PopperTools */ = {
			isa = PBXNativeTarget;
			buildConfigurationList = BE1D55AA15CA34E5009224A6 /* Build configuration list for PBXNativeTarget "PopperTools" */;
			buildPhases = (
				BE1D559815CA34E5009224A6 /* Sources */,
				BE1D559915CA34E5009224A6 /* Frameworks */,
				BE1D559A15CA34E5009224A6 /* CopyFiles */,
			);
			buildRules = (
			);
			dependencies = (
			);
			name = PopperTools;
			productName = PopperTools;
			productReference = BE1D559C15CA34E5009224A6 /* libPopperTools.a */;
			productType = "com.apple.product-type.library.static";
		};
/* End PBXNativeTarget section */

/* Begin PBXProject section */
		BE1D559315CA34E5009224A6 /* Project object */ = {
			isa = PBXProject;
			attributes = {
				LastUpgradeCheck = 0440;
				ORGANIZATIONNAME = "NEXTBOOK Inc.";
			};
			buildConfigurationList = BE1D559615CA34E5009224A6 /* Build configuration list for PBXProject "PopperTools" */;
			compatibilityVersion = "Xcode 3.2";
			developmentRegion = English;
			hasScannedForEncodings = 0;
			knownRegions = (
				en,
			);
			mainGroup = BE1D559115CA34E5009224A6;
			productRefGroup = BE1D559D15CA34E5009224A6 /* Products */;
			projectDirPath = "";
			projectRoot = "";
			targets = (
				BE1D559B15CA34E5009224A6 /* PopperTools */,
			);
		};
/* End PBXProject section */

/* Begin PBXSourcesBuildPhase section */
		BE1D559815CA34E5009224A6 /* Sources */ = {
			isa = PBXSourcesBuildPhase;
			buildActionMask = 2147483647;
			files = (
				BE6301A715E22910008ECBD8 /* NSArray+RandomizedArray.m in Sources */,
				BE6301A815E22910008ECBD8 /* NSDate+UTC_ISO8601.m in Sources */,
				BE6301A915E22910008ECBD8 /* NSMutableArray+Randomize.m in Sources */,
				BE6301AA15E22910008ECBD8 /* NSObject+ReferenceCount.m in Sources */,
				BE6301AB15E22910008ECBD8 /* NSURL+LibraryHandling.m in Sources */,
				BE6301AC15E22910008ECBD8 /* UIColor+HexColoring.m in Sources */,
				BE24631315ECAB8E004E6C16 /* NSDictionary+SortedKeyEnumerator.m in Sources */,
			);
			runOnlyForDeploymentPostprocessing = 0;
		};
/* End PBXSourcesBuildPhase section */

/* Begin XCBuildConfiguration section */
		BE1D55A815CA34E5009224A6 /* Debug */ = {
			isa = XCBuildConfiguration;
			buildSettings = {
				ALWAYS_SEARCH_USER_PATHS = NO;
				ARCHS = "$(ARCHS_STANDARD_32_BIT)";
				CLANG_CXX_LANGUAGE_STANDARD = "gnu++0x";
				CLANG_WARN__DUPLICATE_METHOD_MATCH = YES;
				COPY_PHASE_STRIP = NO;
				GCC_C_LANGUAGE_STANDARD = gnu99;
				GCC_DYNAMIC_NO_PIC = NO;
				GCC_OPTIMIZATION_LEVEL = 0;
				GCC_PREPROCESSOR_DEFINITIONS = (
					"DEBUG=1",
					"$(inherited)",
				);
				GCC_SYMBOLS_PRIVATE_EXTERN = NO;
				GCC_VERSION = com.apple.compilers.llvm.clang.1_0;
				GCC_WARN_ABOUT_RETURN_TYPE = YES;
				GCC_WARN_UNINITIALIZED_AUTOS = YES;
				GCC_WARN_UNUSED_VARIABLE = YES;
				IPHONEOS_DEPLOYMENT_TARGET = 4.3;
				SDKROOT = iphoneos;
			};
			name = Debug;
		};
		BE1D55A915CA34E5009224A6 /* Release */ = {
			isa = XCBuildConfiguration;
			buildSettings = {
				ALWAYS_SEARCH_USER_PATHS = NO;
				ARCHS = "$(ARCHS_STANDARD_32_BIT)";
				CLANG_CXX_LANGUAGE_STANDARD = "gnu++0x";
				CLANG_WARN__DUPLICATE_METHOD_MATCH = YES;
				COPY_PHASE_STRIP = YES;
				GCC_C_LANGUAGE_STANDARD = gnu99;
				GCC_VERSION = com.apple.compilers.llvm.clang.1_0;
				GCC_WARN_ABOUT_RETURN_TYPE = YES;
				GCC_WARN_UNINITIALIZED_AUTOS = YES;
				GCC_WARN_UNUSED_VARIABLE = YES;
				IPHONEOS_DEPLOYMENT_TARGET = 4.3;
				SDKROOT = iphoneos;
				VALIDATE_PRODUCT = YES;
			};
			name = Release;
		};
		BE1D55AB15CA34E5009224A6 /* Debug */ = {
			isa = XCBuildConfiguration;
			buildSettings = {
				CLANG_ENABLE_OBJC_ARC = YES;
				CONFIGURATION_BUILD_DIR = "$(SRCROOT)/$(CONFIGURATION)$(EFFECTIVE_PLATFORM_NAME)";
				DSTROOT = /tmp/PopperTools.dst;
				GCC_PRECOMPILE_PREFIX_HEADER = YES;
				GCC_PREFIX_HEADER = "PopperTools/PopperTools-Prefix.pch";
				GCC_VERSION = "";
				IPHONEOS_DEPLOYMENT_TARGET = 4.3;
				MACH_O_TYPE = staticlib;
				OTHER_LDFLAGS = "-ObjC";
				PRODUCT_NAME = "$(TARGET_NAME)";
				PUBLIC_HEADERS_FOLDER_PATH = Header;
				SKIP_INSTALL = YES;
			};
			name = Debug;
		};
		BE1D55AC15CA34E5009224A6 /* Release */ = {
			isa = XCBuildConfiguration;
			buildSettings = {
				CLANG_ENABLE_OBJC_ARC = YES;
				CONFIGURATION_BUILD_DIR = "$(SRCROOT)/$(CONFIGURATION)$(EFFECTIVE_PLATFORM_NAME)";
				DSTROOT = /tmp/PopperTools.dst;
				GCC_PRECOMPILE_PREFIX_HEADER = YES;
				GCC_PREFIX_HEADER = "PopperTools/PopperTools-Prefix.pch";
				GCC_VERSION = "";
				IPHONEOS_DEPLOYMENT_TARGET = 4.3;
				MACH_O_TYPE = staticlib;
				OTHER_LDFLAGS = "-ObjC";
				PRODUCT_NAME = "$(TARGET_NAME)";
				PUBLIC_HEADERS_FOLDER_PATH = Header;
				SKIP_INSTALL = YES;
			};
			name = Release;
		};
/* End XCBuildConfiguration section */

/* Begin XCConfigurationList section */
		BE1D559615CA34E5009224A6 /* Build configuration list for PBXProject "PopperTools" */ = {
			isa = XCConfigurationList;
			buildConfigurations = (
				BE1D55A815CA34E5009224A6 /* Debug */,
				BE1D55A915CA34E5009224A6 /* Release */,
			);
			defaultConfigurationIsVisible = 0;
			defaultConfigurationName = Release;
		};
		BE1D55AA15CA34E5009224A6 /* Build configuration list for PBXNativeTarget "PopperTools" */ = {
			isa = XCConfigurationList;
			buildConfigurations = (
				BE1D55AB15CA34E5009224A6 /* Debug */,
				BE1D55AC15CA34E5009224A6 /* Release */,
			);
			defaultConfigurationIsVisible = 0;
			defaultConfigurationName = Release;
		};
/* End XCConfigurationList section */
	};
	rootObject = BE1D559315CA34E5009224A6 /* Project object */;
}
